// !$*UTF8*$!
{
	archiveVersion = 1;
	classes = {
	};
	objectVersion = 48;
	objects = {

/* Begin PBXBuildFile section */
		23102B251F9FAE3E0077C489 /* AppDelegate.swift in Sources */ = {isa = PBXBuildFile; fileRef = 23102B241F9FAE3E0077C489 /* AppDelegate.swift */; };
		23102B271F9FAE3E0077C489 /* NewsFeedViewController.swift in Sources */ = {isa = PBXBuildFile; fileRef = 23102B261F9FAE3E0077C489 /* NewsFeedViewController.swift */; };
		23102B2A1F9FAE3E0077C489 /* Main.storyboard in Resources */ = {isa = PBXBuildFile; fileRef = 23102B281F9FAE3E0077C489 /* Main.storyboard */; };
		23102B2C1F9FAE3E0077C489 /* Assets.xcassets in Resources */ = {isa = PBXBuildFile; fileRef = 23102B2B1F9FAE3E0077C489 /* Assets.xcassets */; };
		23102B2F1F9FAE3E0077C489 /* LaunchScreen.storyboard in Resources */ = {isa = PBXBuildFile; fileRef = 23102B2D1F9FAE3E0077C489 /* LaunchScreen.storyboard */; };
		23102B3A1F9FAE3E0077C489 /* MVVMTestingTests.swift in Sources */ = {isa = PBXBuildFile; fileRef = 23102B391F9FAE3E0077C489 /* MVVMTestingTests.swift */; };
		23102B451F9FAE3E0077C489 /* MVVMTestingUITests.swift in Sources */ = {isa = PBXBuildFile; fileRef = 23102B441F9FAE3E0077C489 /* MVVMTestingUITests.swift */; };
		23102B531F9FB0730077C489 /* ProfileViewController.swift in Sources */ = {isa = PBXBuildFile; fileRef = 23102B521F9FB0730077C489 /* ProfileViewController.swift */; };
		23102B551F9FB0B00077C489 /* FeedViewController.swift in Sources */ = {isa = PBXBuildFile; fileRef = 23102B541F9FB0B00077C489 /* FeedViewController.swift */; };
		23102B571F9FB1360077C489 /* JokerCollectionViewCell.swift in Sources */ = {isa = PBXBuildFile; fileRef = 23102B561F9FB1360077C489 /* JokerCollectionViewCell.swift */; };
		23102B591F9FB13C0077C489 /* JokeCollectionViewCell.swift in Sources */ = {isa = PBXBuildFile; fileRef = 23102B581F9FB13C0077C489 /* JokeCollectionViewCell.swift */; };
		23102B5B1F9FB1420077C489 /* PunCollectionViewCell.swift in Sources */ = {isa = PBXBuildFile; fileRef = 23102B5A1F9FB1420077C489 /* PunCollectionViewCell.swift */; };
		23102B5E1F9FC33E0077C489 /* Model.swift in Sources */ = {isa = PBXBuildFile; fileRef = 23102B5D1F9FC33E0077C489 /* Model.swift */; };
		23102B601F9FC3E90077C489 /* ViewModel.swift in Sources */ = {isa = PBXBuildFile; fileRef = 23102B5F1F9FC3E90077C489 /* ViewModel.swift */; };
		23102B621F9FD3230077C489 /* FunnyCellProtocol.swift in Sources */ = {isa = PBXBuildFile; fileRef = 23102B611F9FD3230077C489 /* FunnyCellProtocol.swift */; };
		23102B641FA0D0180077C489 /* SegmentCollectionReusableView.swift in Sources */ = {isa = PBXBuildFile; fileRef = 23102B631FA0D0180077C489 /* SegmentCollectionReusableView.swift */; };
/* End PBXBuildFile section */

/* Begin PBXContainerItemProxy section */
		23102B361F9FAE3E0077C489 /* PBXContainerItemProxy */ = {
			isa = PBXContainerItemProxy;
			containerPortal = 23102B191F9FAE3E0077C489 /* Project object */;
			proxyType = 1;
			remoteGlobalIDString = 23102B201F9FAE3E0077C489;
			remoteInfo = MVVMTesting;
		};
		23102B411F9FAE3E0077C489 /* PBXContainerItemProxy */ = {
			isa = PBXContainerItemProxy;
			containerPortal = 23102B191F9FAE3E0077C489 /* Project object */;
			proxyType = 1;
			remoteGlobalIDString = 23102B201F9FAE3E0077C489;
			remoteInfo = MVVMTesting;
		};
/* End PBXContainerItemProxy section */

/* Begin PBXFileReference section */
		23102B211F9FAE3E0077C489 /* MVVMTesting.app */ = {isa = PBXFileReference; explicitFileType = wrapper.application; includeInIndex = 0; path = MVVMTesting.app; sourceTree = BUILT_PRODUCTS_DIR; };
		23102B241F9FAE3E0077C489 /* AppDelegate.swift */ = {isa = PBXFileReference; lastKnownFileType = sourcecode.swift; path = AppDelegate.swift; sourceTree = "<group>"; };
		23102B261F9FAE3E0077C489 /* NewsFeedViewController.swift */ = {isa = PBXFileReference; lastKnownFileType = sourcecode.swift; path = NewsFeedViewController.swift; sourceTree = "<group>"; };
		23102B291F9FAE3E0077C489 /* Base */ = {isa = PBXFileReference; lastKnownFileType = file.storyboard; name = Base; path = Base.lproj/Main.storyboard; sourceTree = "<group>"; };
		23102B2B1F9FAE3E0077C489 /* Assets.xcassets */ = {isa = PBXFileReference; lastKnownFileType = folder.assetcatalog; path = Assets.xcassets; sourceTree = "<group>"; };
		23102B2E1F9FAE3E0077C489 /* Base */ = {isa = PBXFileReference; lastKnownFileType = file.storyboard; name = Base; path = Base.lproj/LaunchScreen.storyboard; sourceTree = "<group>"; };
		23102B301F9FAE3E0077C489 /* Info.plist */ = {isa = PBXFileReference; lastKnownFileType = text.plist.xml; path = Info.plist; sourceTree = "<group>"; };
		23102B351F9FAE3E0077C489 /* MVVMTestingTests.xctest */ = {isa = PBXFileReference; explicitFileType = wrapper.cfbundle; includeInIndex = 0; path = MVVMTestingTests.xctest; sourceTree = BUILT_PRODUCTS_DIR; };
		23102B391F9FAE3E0077C489 /* MVVMTestingTests.swift */ = {isa = PBXFileReference; lastKnownFileType = sourcecode.swift; path = MVVMTestingTests.swift; sourceTree = "<group>"; };
		23102B3B1F9FAE3E0077C489 /* Info.plist */ = {isa = PBXFileReference; lastKnownFileType = text.plist.xml; path = Info.plist; sourceTree = "<group>"; };
		23102B401F9FAE3E0077C489 /* MVVMTestingUITests.xctest */ = {isa = PBXFileReference; explicitFileType = wrapper.cfbundle; includeInIndex = 0; path = MVVMTestingUITests.xctest; sourceTree = BUILT_PRODUCTS_DIR; };
		23102B441F9FAE3E0077C489 /* MVVMTestingUITests.swift */ = {isa = PBXFileReference; lastKnownFileType = sourcecode.swift; path = MVVMTestingUITests.swift; sourceTree = "<group>"; };
		23102B461F9FAE3E0077C489 /* Info.plist */ = {isa = PBXFileReference; lastKnownFileType = text.plist.xml; path = Info.plist; sourceTree = "<group>"; };
		23102B521F9FB0730077C489 /* ProfileViewController.swift */ = {isa = PBXFileReference; lastKnownFileType = sourcecode.swift; path = ProfileViewController.swift; sourceTree = "<group>"; };
		23102B541F9FB0B00077C489 /* FeedViewController.swift */ = {isa = PBXFileReference; lastKnownFileType = sourcecode.swift; path = FeedViewController.swift; sourceTree = "<group>"; };
		23102B561F9FB1360077C489 /* JokerCollectionViewCell.swift */ = {isa = PBXFileReference; lastKnownFileType = sourcecode.swift; path = JokerCollectionViewCell.swift; sourceTree = "<group>"; };
		23102B581F9FB13C0077C489 /* JokeCollectionViewCell.swift */ = {isa = PBXFileReference; lastKnownFileType = sourcecode.swift; path = JokeCollectionViewCell.swift; sourceTree = "<group>"; };
		23102B5A1F9FB1420077C489 /* PunCollectionViewCell.swift */ = {isa = PBXFileReference; lastKnownFileType = sourcecode.swift; path = PunCollectionViewCell.swift; sourceTree = "<group>"; };
		23102B5D1F9FC33E0077C489 /* Model.swift */ = {isa = PBXFileReference; lastKnownFileType = sourcecode.swift; path = Model.swift; sourceTree = "<group>"; };
		23102B5F1F9FC3E90077C489 /* ViewModel.swift */ = {isa = PBXFileReference; lastKnownFileType = sourcecode.swift; path = ViewModel.swift; sourceTree = "<group>"; };
		23102B611F9FD3230077C489 /* FunnyCellProtocol.swift */ = {isa = PBXFileReference; lastKnownFileType = sourcecode.swift; path = FunnyCellProtocol.swift; sourceTree = "<group>"; };
		23102B631FA0D0180077C489 /* SegmentCollectionReusableView.swift */ = {isa = PBXFileReference; lastKnownFileType = sourcecode.swift; path = SegmentCollectionReusableView.swift; sourceTree = "<group>"; };
/* End PBXFileReference section */

/* Begin PBXFrameworksBuildPhase section */
		23102B1E1F9FAE3E0077C489 /* Frameworks */ = {
			isa = PBXFrameworksBuildPhase;
			buildActionMask = 2147483647;
			files = (
			);
			runOnlyForDeploymentPostprocessing = 0;
		};
		23102B321F9FAE3E0077C489 /* Frameworks */ = {
			isa = PBXFrameworksBuildPhase;
			buildActionMask = 2147483647;
			files = (
			);
			runOnlyForDeploymentPostprocessing = 0;
		};
		23102B3D1F9FAE3E0077C489 /* Frameworks */ = {
			isa = PBXFrameworksBuildPhase;
			buildActionMask = 2147483647;
			files = (
			);
			runOnlyForDeploymentPostprocessing = 0;
		};
/* End PBXFrameworksBuildPhase section */

/* Begin PBXGroup section */
		23102B181F9FAE3E0077C489 = {
			isa = PBXGroup;
			children = (
				23102B231F9FAE3E0077C489 /* MVVMTesting */,
				23102B381F9FAE3E0077C489 /* MVVMTestingTests */,
				23102B431F9FAE3E0077C489 /* MVVMTestingUITests */,
				23102B221F9FAE3E0077C489 /* Products */,
			);
			sourceTree = "<group>";
		};
		23102B221F9FAE3E0077C489 /* Products */ = {
			isa = PBXGroup;
			children = (
				23102B211F9FAE3E0077C489 /* MVVMTesting.app */,
				23102B351F9FAE3E0077C489 /* MVVMTestingTests.xctest */,
				23102B401F9FAE3E0077C489 /* MVVMTestingUITests.xctest */,
			);
			name = Products;
			sourceTree = "<group>";
		};
		23102B231F9FAE3E0077C489 /* MVVMTesting */ = {
			isa = PBXGroup;
			children = (
				23102B241F9FAE3E0077C489 /* AppDelegate.swift */,
				23102B281F9FAE3E0077C489 /* Main.storyboard */,
				23102B651FA0D8620077C489 /* Model */,
				23102B661FA0D86D0077C489 /* ViewControllers */,
				23102B2B1F9FAE3E0077C489 /* Assets.xcassets */,
				23102B2D1F9FAE3E0077C489 /* LaunchScreen.storyboard */,
				23102B301F9FAE3E0077C489 /* Info.plist */,
			);
			path = MVVMTesting;
			sourceTree = "<group>";
		};
		23102B381F9FAE3E0077C489 /* MVVMTestingTests */ = {
			isa = PBXGroup;
			children = (
				23102B391F9FAE3E0077C489 /* MVVMTestingTests.swift */,
				23102B3B1F9FAE3E0077C489 /* Info.plist */,
			);
			path = MVVMTestingTests;
			sourceTree = "<group>";
		};
		23102B431F9FAE3E0077C489 /* MVVMTestingUITests */ = {
			isa = PBXGroup;
			children = (
				23102B441F9FAE3E0077C489 /* MVVMTestingUITests.swift */,
				23102B461F9FAE3E0077C489 /* Info.plist */,
			);
			path = MVVMTestingUITests;
			sourceTree = "<group>";
		};
		23102B5C1F9FB1500077C489 /* Cells */ = {
			isa = PBXGroup;
			children = (
				23102B611F9FD3230077C489 /* FunnyCellProtocol.swift */,
				23102B561F9FB1360077C489 /* JokerCollectionViewCell.swift */,
				23102B581F9FB13C0077C489 /* JokeCollectionViewCell.swift */,
				23102B5A1F9FB1420077C489 /* PunCollectionViewCell.swift */,
				23102B631FA0D0180077C489 /* SegmentCollectionReusableView.swift */,
			);
			path = Cells;
			sourceTree = "<group>";
		};
		23102B651FA0D8620077C489 /* Model */ = {
			isa = PBXGroup;
			children = (
				23102B5D1F9FC33E0077C489 /* Model.swift */,
				23102B5F1F9FC3E90077C489 /* ViewModel.swift */,
			);
			path = Model;
			sourceTree = "<group>";
		};
		23102B661FA0D86D0077C489 /* ViewControllers */ = {
			isa = PBXGroup;
			children = (
				23102B5C1F9FB1500077C489 /* Cells */,
				23102B261F9FAE3E0077C489 /* NewsFeedViewController.swift */,
				23102B521F9FB0730077C489 /* ProfileViewController.swift */,
				23102B541F9FB0B00077C489 /* FeedViewController.swift */,
			);
			path = ViewControllers;
			sourceTree = "<group>";
		};
/* End PBXGroup section */

/* Begin PBXNativeTarget section */
		23102B201F9FAE3E0077C489 /* MVVMTesting */ = {
			isa = PBXNativeTarget;
			buildConfigurationList = 23102B491F9FAE3E0077C489 /* Build configuration list for PBXNativeTarget "MVVMTesting" */;
			buildPhases = (
				23102B1D1F9FAE3E0077C489 /* Sources */,
				23102B1E1F9FAE3E0077C489 /* Frameworks */,
				23102B1F1F9FAE3E0077C489 /* Resources */,
			);
			buildRules = (
			);
			dependencies = (
			);
			name = MVVMTesting;
			productName = MVVMTesting;
			productReference = 23102B211F9FAE3E0077C489 /* MVVMTesting.app */;
			productType = "com.apple.product-type.application";
		};
		23102B341F9FAE3E0077C489 /* MVVMTestingTests */ = {
			isa = PBXNativeTarget;
			buildConfigurationList = 23102B4C1F9FAE3E0077C489 /* Build configuration list for PBXNativeTarget "MVVMTestingTests" */;
			buildPhases = (
				23102B311F9FAE3E0077C489 /* Sources */,
				23102B321F9FAE3E0077C489 /* Frameworks */,
				23102B331F9FAE3E0077C489 /* Resources */,
			);
			buildRules = (
			);
			dependencies = (
				23102B371F9FAE3E0077C489 /* PBXTargetDependency */,
			);
			name = MVVMTestingTests;
			productName = MVVMTestingTests;
			productReference = 23102B351F9FAE3E0077C489 /* MVVMTestingTests.xctest */;
			productType = "com.apple.product-type.bundle.unit-test";
		};
		23102B3F1F9FAE3E0077C489 /* MVVMTestingUITests */ = {
			isa = PBXNativeTarget;
			buildConfigurationList = 23102B4F1F9FAE3E0077C489 /* Build configuration list for PBXNativeTarget "MVVMTestingUITests" */;
			buildPhases = (
				23102B3C1F9FAE3E0077C489 /* Sources */,
				23102B3D1F9FAE3E0077C489 /* Frameworks */,
				23102B3E1F9FAE3E0077C489 /* Resources */,
			);
			buildRules = (
			);
			dependencies = (
				23102B421F9FAE3E0077C489 /* PBXTargetDependency */,
			);
			name = MVVMTestingUITests;
			productName = MVVMTestingUITests;
			productReference = 23102B401F9FAE3E0077C489 /* MVVMTestingUITests.xctest */;
			productType = "com.apple.product-type.bundle.ui-testing";
		};
/* End PBXNativeTarget section */

/* Begin PBXProject section */
		23102B191F9FAE3E0077C489 /* Project object */ = {
			isa = PBXProject;
			attributes = {
				LastSwiftUpdateCheck = 0900;
				LastUpgradeCheck = 0900;
				ORGANIZATIONNAME = "Dave Krawczyk";
				TargetAttributes = {
					23102B201F9FAE3E0077C489 = {
						CreatedOnToolsVersion = 9.0.1;
						ProvisioningStyle = Automatic;
					};
					23102B341F9FAE3E0077C489 = {
						CreatedOnToolsVersion = 9.0.1;
						ProvisioningStyle = Automatic;
						TestTargetID = 23102B201F9FAE3E0077C489;
					};
					23102B3F1F9FAE3E0077C489 = {
						CreatedOnToolsVersion = 9.0.1;
						ProvisioningStyle = Automatic;
						TestTargetID = 23102B201F9FAE3E0077C489;
					};
				};
			};
			buildConfigurationList = 23102B1C1F9FAE3E0077C489 /* Build configuration list for PBXProject "MVVMTesting" */;
			compatibilityVersion = "Xcode 8.0";
			developmentRegion = en;
			hasScannedForEncodings = 0;
			knownRegions = (
				en,
				Base,
			);
			mainGroup = 23102B181F9FAE3E0077C489;
			productRefGroup = 23102B221F9FAE3E0077C489 /* Products */;
			projectDirPath = "";
			projectRoot = "";
			targets = (
				23102B201F9FAE3E0077C489 /* MVVMTesting */,
				23102B341F9FAE3E0077C489 /* MVVMTestingTests */,
				23102B3F1F9FAE3E0077C489 /* MVVMTestingUITests */,
			);
		};
/* End PBXProject section */

/* Begin PBXResourcesBuildPhase section */
		23102B1F1F9FAE3E0077C489 /* Resources */ = {
			isa = PBXResourcesBuildPhase;
			buildActionMask = 2147483647;
			files = (
				23102B2F1F9FAE3E0077C489 /* LaunchScreen.storyboard in Resources */,
				23102B2C1F9FAE3E0077C489 /* Assets.xcassets in Resources */,
				23102B2A1F9FAE3E0077C489 /* Main.storyboard in Resources */,
			);
			runOnlyForDeploymentPostprocessing = 0;
		};
		23102B331F9FAE3E0077C489 /* Resources */ = {
			isa = PBXResourcesBuildPhase;
			buildActionMask = 2147483647;
			files = (
			);
			runOnlyForDeploymentPostprocessing = 0;
		};
		23102B3E1F9FAE3E0077C489 /* Resources */ = {
			isa = PBXResourcesBuildPhase;
			buildActionMask = 2147483647;
			files = (
			);
			runOnlyForDeploymentPostprocessing = 0;
		};
/* End PBXResourcesBuildPhase section */

/* Begin PBXSourcesBuildPhase section */
		23102B1D1F9FAE3E0077C489 /* Sources */ = {
			isa = PBXSourcesBuildPhase;
			buildActionMask = 2147483647;
			files = (
				23102B531F9FB0730077C489 /* ProfileViewController.swift in Sources */,
				23102B601F9FC3E90077C489 /* ViewModel.swift in Sources */,
				23102B591F9FB13C0077C489 /* JokeCollectionViewCell.swift in Sources */,
				23102B5B1F9FB1420077C489 /* PunCollectionViewCell.swift in Sources */,
				23102B621F9FD3230077C489 /* FunnyCellProtocol.swift in Sources */,
				23102B271F9FAE3E0077C489 /* NewsFeedViewController.swift in Sources */,
				23102B641FA0D0180077C489 /* SegmentCollectionReusableView.swift in Sources */,
				23102B551F9FB0B00077C489 /* FeedViewController.swift in Sources */,
				23102B251F9FAE3E0077C489 /* AppDelegate.swift in Sources */,
				23102B571F9FB1360077C489 /* JokerCollectionViewCell.swift in Sources */,
				23102B5E1F9FC33E0077C489 /* Model.swift in Sources */,
			);
			runOnlyForDeploymentPostprocessing = 0;
		};
		23102B311F9FAE3E0077C489 /* Sources */ = {
			isa = PBXSourcesBuildPhase;
			buildActionMask = 2147483647;
			files = (
				23102B3A1F9FAE3E0077C489 /* MVVMTestingTests.swift in Sources */,
			);
			runOnlyForDeploymentPostprocessing = 0;
		};
		23102B3C1F9FAE3E0077C489 /* Sources */ = {
			isa = PBXSourcesBuildPhase;
			buildActionMask = 2147483647;
			files = (
				23102B451F9FAE3E0077C489 /* MVVMTestingUITests.swift in Sources */,
			);
			runOnlyForDeploymentPostprocessing = 0;
		};
/* End PBXSourcesBuildPhase section */

/* Begin PBXTargetDependency section */
		23102B371F9FAE3E0077C489 /* PBXTargetDependency */ = {
			isa = PBXTargetDependency;
			target = 23102B201F9FAE3E0077C489 /* MVVMTesting */;
			targetProxy = 23102B361F9FAE3E0077C489 /* PBXContainerItemProxy */;
		};
		23102B421F9FAE3E0077C489 /* PBXTargetDependency */ = {
			isa = PBXTargetDependency;
			target = 23102B201F9FAE3E0077C489 /* MVVMTesting */;
			targetProxy = 23102B411F9FAE3E0077C489 /* PBXContainerItemProxy */;
		};
/* End PBXTargetDependency section */

/* Begin PBXVariantGroup section */
		23102B281F9FAE3E0077C489 /* Main.storyboard */ = {
			isa = PBXVariantGroup;
			children = (
				23102B291F9FAE3E0077C489 /* Base */,
			);
			name = Main.storyboard;
			sourceTree = "<group>";
		};
		23102B2D1F9FAE3E0077C489 /* LaunchScreen.storyboard */ = {
			isa = PBXVariantGroup;
			children = (
				23102B2E1F9FAE3E0077C489 /* Base */,
			);
			name = LaunchScreen.storyboard;
			sourceTree = "<group>";
		};
/* End PBXVariantGroup section */

/* Begin XCBuildConfiguration section */
		23102B471F9FAE3E0077C489 /* Debug */ = {
			isa = XCBuildConfiguration;
			buildSettings = {
				ALWAYS_SEARCH_USER_PATHS = NO;
				CLANG_ANALYZER_NONNULL = YES;
				CLANG_ANALYZER_NUMBER_OBJECT_CONVERSION = YES_AGGRESSIVE;
				CLANG_CXX_LANGUAGE_STANDARD = "gnu++14";
				CLANG_CXX_LIBRARY = "libc++";
				CLANG_ENABLE_MODULES = YES;
				CLANG_ENABLE_OBJC_ARC = YES;
				CLANG_WARN_BLOCK_CAPTURE_AUTORELEASING = YES;
				CLANG_WARN_BOOL_CONVERSION = YES;
				CLANG_WARN_COMMA = YES;
				CLANG_WARN_CONSTANT_CONVERSION = YES;
				CLANG_WARN_DIRECT_OBJC_ISA_USAGE = YES_ERROR;
				CLANG_WARN_DOCUMENTATION_COMMENTS = YES;
				CLANG_WARN_EMPTY_BODY = YES;
				CLANG_WARN_ENUM_CONVERSION = YES;
				CLANG_WARN_INFINITE_RECURSION = YES;
				CLANG_WARN_INT_CONVERSION = YES;
				CLANG_WARN_NON_LITERAL_NULL_CONVERSION = YES;
				CLANG_WARN_OBJC_LITERAL_CONVERSION = YES;
				CLANG_WARN_OBJC_ROOT_CLASS = YES_ERROR;
				CLANG_WARN_RANGE_LOOP_ANALYSIS = YES;
				CLANG_WARN_STRICT_PROTOTYPES = YES;
				CLANG_WARN_SUSPICIOUS_MOVE = YES;
				CLANG_WARN_UNGUARDED_AVAILABILITY = YES_AGGRESSIVE;
				CLANG_WARN_UNREACHABLE_CODE = YES;
				CLANG_WARN__DUPLICATE_METHOD_MATCH = YES;
				CODE_SIGN_IDENTITY = "iPhone Developer";
				COPY_PHASE_STRIP = NO;
				DEBUG_INFORMATION_FORMAT = dwarf;
				ENABLE_STRICT_OBJC_MSGSEND = YES;
				ENABLE_TESTABILITY = YES;
				GCC_C_LANGUAGE_STANDARD = gnu11;
				GCC_DYNAMIC_NO_PIC = NO;
				GCC_NO_COMMON_BLOCKS = YES;
				GCC_OPTIMIZATION_LEVEL = 0;
				GCC_PREPROCESSOR_DEFINITIONS = (
					"DEBUG=1",
					"$(inherited)",
				);
				GCC_WARN_64_TO_32_BIT_CONVERSION = YES;
				GCC_WARN_ABOUT_RETURN_TYPE = YES_ERROR;
				GCC_WARN_UNDECLARED_SELECTOR = YES;
				GCC_WARN_UNINITIALIZED_AUTOS = YES_AGGRESSIVE;
				GCC_WARN_UNUSED_FUNCTION = YES;
				GCC_WARN_UNUSED_VARIABLE = YES;
				IPHONEOS_DEPLOYMENT_TARGET = 11.0;
				MTL_ENABLE_DEBUG_INFO = YES;
				ONLY_ACTIVE_ARCH = YES;
				SDKROOT = iphoneos;
				SWIFT_ACTIVE_COMPILATION_CONDITIONS = DEBUG;
				SWIFT_OPTIMIZATION_LEVEL = "-Onone";
			};
			name = Debug;
		};
		23102B481F9FAE3E0077C489 /* Release */ = {
			isa = XCBuildConfiguration;
			buildSettings = {
				ALWAYS_SEARCH_USER_PATHS = NO;
				CLANG_ANALYZER_NONNULL = YES;
				CLANG_ANALYZER_NUMBER_OBJECT_CONVERSION = YES_AGGRESSIVE;
				CLANG_CXX_LANGUAGE_STANDARD = "gnu++14";
				CLANG_CXX_LIBRARY = "libc++";
				CLANG_ENABLE_MODULES = YES;
				CLANG_ENABLE_OBJC_ARC = YES;
				CLANG_WARN_BLOCK_CAPTURE_AUTORELEASING = YES;
				CLANG_WARN_BOOL_CONVERSION = YES;
				CLANG_WARN_COMMA = YES;
				CLANG_WARN_CONSTANT_CONVERSION = YES;
				CLANG_WARN_DIRECT_OBJC_ISA_USAGE = YES_ERROR;
				CLANG_WARN_DOCUMENTATION_COMMENTS = YES;
				CLANG_WARN_EMPTY_BODY = YES;
				CLANG_WARN_ENUM_CONVERSION = YES;
				CLANG_WARN_INFINITE_RECURSION = YES;
				CLANG_WARN_INT_CONVERSION = YES;
				CLANG_WARN_NON_LITERAL_NULL_CONVERSION = YES;
				CLANG_WARN_OBJC_LITERAL_CONVERSION = YES;
				CLANG_WARN_OBJC_ROOT_CLASS = YES_ERROR;
				CLANG_WARN_RANGE_LOOP_ANALYSIS = YES;
				CLANG_WARN_STRICT_PROTOTYPES = YES;
				CLANG_WARN_SUSPICIOUS_MOVE = YES;
				CLANG_WARN_UNGUARDED_AVAILABILITY = YES_AGGRESSIVE;
				CLANG_WARN_UNREACHABLE_CODE = YES;
				CLANG_WARN__DUPLICATE_METHOD_MATCH = YES;
				CODE_SIGN_IDENTITY = "iPhone Developer";
				COPY_PHASE_STRIP = NO;
				DEBUG_INFORMATION_FORMAT = "dwarf-with-dsym";
				ENABLE_NS_ASSERTIONS = NO;
				ENABLE_STRICT_OBJC_MSGSEND = YES;
				GCC_C_LANGUAGE_STANDARD = gnu11;
				GCC_NO_COMMON_BLOCKS = YES;
				GCC_WARN_64_TO_32_BIT_CONVERSION = YES;
				GCC_WARN_ABOUT_RETURN_TYPE = YES_ERROR;
				GCC_WARN_UNDECLARED_SELECTOR = YES;
				GCC_WARN_UNINITIALIZED_AUTOS = YES_AGGRESSIVE;
				GCC_WARN_UNUSED_FUNCTION = YES;
				GCC_WARN_UNUSED_VARIABLE = YES;
				IPHONEOS_DEPLOYMENT_TARGET = 11.0;
				MTL_ENABLE_DEBUG_INFO = NO;
				SDKROOT = iphoneos;
				SWIFT_OPTIMIZATION_LEVEL = "-Owholemodule";
				VALIDATE_PRODUCT = YES;
			};
			name = Release;
		};
		23102B4A1F9FAE3E0077C489 /* Debug */ = {
			isa = XCBuildConfiguration;
			buildSettings = {
				ASSETCATALOG_COMPILER_APPICON_NAME = AppIcon;
				CODE_SIGN_STYLE = Automatic;
				DEVELOPMENT_TEAM = NRRRK4H9UY;
				INFOPLIST_FILE = MVVMTesting/Info.plist;
				LD_RUNPATH_SEARCH_PATHS = "$(inherited) @executable_path/Frameworks";
				PRODUCT_BUNDLE_IDENTIFIER = com.spokin.MVVMTesting;
				PRODUCT_NAME = "$(TARGET_NAME)";
				SWIFT_VERSION = 4.0;
				TARGETED_DEVICE_FAMILY = "1,2";
			};
			name = Debug;
		};
		23102B4B1F9FAE3E0077C489 /* Release */ = {
			isa = XCBuildConfiguration;
			buildSettings = {
				ASSETCATALOG_COMPILER_APPICON_NAME = AppIcon;
				CODE_SIGN_STYLE = Automatic;
				DEVELOPMENT_TEAM = NRRRK4H9UY;
				INFOPLIST_FILE = MVVMTesting/Info.plist;
				LD_RUNPATH_SEARCH_PATHS = "$(inherited) @executable_path/Frameworks";
				PRODUCT_BUNDLE_IDENTIFIER = com.spokin.MVVMTesting;
				PRODUCT_NAME = "$(TARGET_NAME)";
				SWIFT_VERSION = 4.0;
				TARGETED_DEVICE_FAMILY = "1,2";
			};
			name = Release;
		};
		23102B4D1F9FAE3E0077C489 /* Debug */ = {
			isa = XCBuildConfiguration;
			buildSettings = {
				ALWAYS_EMBED_SWIFT_STANDARD_LIBRARIES = YES;
				BUNDLE_LOADER = "$(TEST_HOST)";
				CODE_SIGN_STYLE = Automatic;
				DEVELOPMENT_TEAM = NRRRK4H9UY;
				INFOPLIST_FILE = MVVMTestingTests/Info.plist;
				LD_RUNPATH_SEARCH_PATHS = "$(inherited) @executable_path/Frameworks @loader_path/Frameworks";
				PRODUCT_BUNDLE_IDENTIFIER = com.spokin.MVVMTestingTests;
				PRODUCT_NAME = "$(TARGET_NAME)";
				SWIFT_VERSION = 4.0;
				TARGETED_DEVICE_FAMILY = "1,2";
				TEST_HOST = "$(BUILT_PRODUCTS_DIR)/MVVMTesting.app/MVVMTesting";
			};
			name = Debug;
		};
		23102B4E1F9FAE3E0077C489 /* Release */ = {
			isa = XCBuildConfiguration;
			buildSettings = {
				ALWAYS_EMBED_SWIFT_STANDARD_LIBRARIES = YES;
				BUNDLE_LOADER = "$(TEST_HOST)";
				CODE_SIGN_STYLE = Automatic;
				DEVELOPMENT_TEAM = NRRRK4H9UY;
				INFOPLIST_FILE = MVVMTestingTests/Info.plist;
				LD_RUNPATH_SEARCH_PATHS = "$(inherited) @executable_path/Frameworks @loader_path/Frameworks";
				PRODUCT_BUNDLE_IDENTIFIER = com.spokin.MVVMTestingTests;
				PRODUCT_NAME = "$(TARGET_NAME)";
				SWIFT_VERSION = 4.0;
				TARGETED_DEVICE_FAMILY = "1,2";
				TEST_HOST = "$(BUILT_PRODUCTS_DIR)/MVVMTesting.app/MVVMTesting";
			};
			name = Release;
		};
		23102B501F9FAE3E0077C489 /* Debug */ = {
			isa = XCBuildConfiguration;
			buildSettings = {
				ALWAYS_EMBED_SWIFT_STANDARD_LIBRARIES = YES;
				CODE_SIGN_STYLE = Automatic;
				DEVELOPMENT_TEAM = NRRRK4H9UY;
				INFOPLIST_FILE = MVVMTestingUITests/Info.plist;
				LD_RUNPATH_SEARCH_PATHS = "$(inherited) @executable_path/Frameworks @loader_path/Frameworks";
				PRODUCT_BUNDLE_IDENTIFIER = com.spokin.MVVMTestingUITests;
				PRODUCT_NAME = "$(TARGET_NAME)";
				SWIFT_VERSION = 4.0;
				TARGETED_DEVICE_FAMILY = "1,2";
				TEST_TARGET_NAME = MVVMTesting;
			};
			name = Debug;
		};
		23102B511F9FAE3E0077C489 /* Release */ = {
			isa = XCBuildConfiguration;
			buildSettings = {
				ALWAYS_EMBED_SWIFT_STANDARD_LIBRARIES = YES;
				CODE_SIGN_STYLE = Automatic;
				DEVELOPMENT_TEAM = NRRRK4H9UY;
				INFOPLIST_FILE = MVVMTestingUITests/Info.plist;
				LD_RUNPATH_SEARCH_PATHS = "$(inherited) @executable_path/Frameworks @loader_path/Frameworks";
				PRODUCT_BUNDLE_IDENTIFIER = com.spokin.MVVMTestingUITests;
				PRODUCT_NAME = "$(TARGET_NAME)";
				SWIFT_VERSION = 4.0;
				TARGETED_DEVICE_FAMILY = "1,2";
				TEST_TARGET_NAME = MVVMTesting;
			};
			name = Release;
		};
/* End XCBuildConfiguration section */

/* Begin XCConfigurationList section */
		23102B1C1F9FAE3E0077C489 /* Build configuration list for PBXProject "MVVMTesting" */ = {
			isa = XCConfigurationList;
			buildConfigurations = (
				23102B471F9FAE3E0077C489 /* Debug */,
				23102B481F9FAE3E0077C489 /* Release */,
			);
			defaultConfigurationIsVisible = 0;
			defaultConfigurationName = Release;
		};
		23102B491F9FAE3E0077C489 /* Build configuration list for PBXNativeTarget "MVVMTesting" */ = {
			isa = XCConfigurationList;
			buildConfigurations = (
				23102B4A1F9FAE3E0077C489 /* Debug */,
				23102B4B1F9FAE3E0077C489 /* Release */,
			);
			defaultConfigurationIsVisible = 0;
			defaultConfigurationName = Release;
		};
		23102B4C1F9FAE3E0077C489 /* Build configuration list for PBXNativeTarget "MVVMTestingTests" */ = {
			isa = XCConfigurationList;
			buildConfigurations = (
				23102B4D1F9FAE3E0077C489 /* Debug */,
				23102B4E1F9FAE3E0077C489 /* Release */,
			);
			defaultConfigurationIsVisible = 0;
			defaultConfigurationName = Release;
		};
		23102B4F1F9FAE3E0077C489 /* Build configuration list for PBXNativeTarget "MVVMTestingUITests" */ = {
			isa = XCConfigurationList;
			buildConfigurations = (
				23102B501F9FAE3E0077C489 /* Debug */,
				23102B511F9FAE3E0077C489 /* Release */,
			);
			defaultConfigurationIsVisible = 0;
			defaultConfigurationName = Release;
		};
/* End XCConfigurationList section */
	};
	rootObject = 23102B191F9FAE3E0077C489 /* Project object */;
}
